
Microsoft Visual Studio Solution File, Format Version 12.00
Project("{FAE04EC0-301F-11D3-BF4B-00C04F79EFBC}") = "Kanmi", "Kanmi\Kanmi.csproj", "{1B1A0CCF-22FB-45F9-ABEE-CD82649F3D9D}"
EndProject
Project("{FAE04EC0-301F-11D3-BF4B-00C04F79EFBC}") = "KanmiDebug", "KanmiDebug\KanmiDebug.csproj", "{1A998008-1F06-45BA-ABF3-6171A64AA112}"
EndProject
Project("{2150E333-8FDC-42A3-9474-1A3956D46DE8}") = "Solution Files", "Solution Files", "{85346907-45FC-4A4E-8271-C0592330BF1F}"
	ProjectSection(SolutionItems) = preProject
		.gitignore = .gitignore
	EndProjectSection
EndProject
Global
	GlobalSection(SolutionConfigurationPlatforms) = preSolution
		Debug|Any CPU = Debug|Any CPU
		Release|Any CPU = Release|Any CPU
	EndGlobalSection
	GlobalSection(ProjectConfigurationPlatforms) = postSolution
		{1B1A0CCF-22FB-45F9-ABEE-CD82649F3D9D}.Debug|Any CPU.ActiveCfg = Debug|Any CPU
		{1B1A0CCF-22FB-45F9-ABEE-CD82649F3D9D}.Debug|Any CPU.Build.0 = Debug|Any CPU
		{1B1A0CCF-22FB-45F9-ABEE-CD82649F3D9D}.Release|Any CPU.ActiveCfg = Release|Any CPU
		{1B1A0CCF-22FB-45F9-ABEE-CD82649F3D9D}.Release|Any CPU.Build.0 = Release|Any CPU
		{1A998008-1F06-45BA-ABF3-6171A64AA112}.Debug|Any CPU.ActiveCfg = Debug|Any CPU
		{1A998008-1F06-45BA-ABF3-6171A64AA112}.Debug|Any CPU.Build.0 = Debug|Any CPU
		{1A998008-1F06-45BA-ABF3-6171A64AA112}.Release|Any CPU.ActiveCfg = Release|Any CPU
		{1A998008-1F06-45BA-ABF3-6171A64AA112}.Release|Any CPU.Build.0 = Release|Any CPU
	EndGlobalSection
EndGlobal
